
Microsoft Visual Studio Solution File, Format Version 12.00
# Visual Studio Version 17
VisualStudioVersion = 17.2.32317.152
MinimumVisualStudioVersion = 10.0.40219.1
Project("{9A19103F-16F7-4668-BE54-9A1E7A4F7556}") = "Opencart", "Opencart.csproj", "{CB6DBB40-005C-4BCE-8D2B-E0377CB03D1F}"
EndProject
Global
	GlobalSection(SolutionConfigurationPlatforms) = preSolution
		Debug|Any CPU = Debug|Any CPU
		Release|Any CPU = Release|Any CPU
	EndGlobalSection
	GlobalSection(ProjectConfigurationPlatforms) = postSolution
		{CB6DBB40-005C-4BCE-8D2B-E0377CB03D1F}.Debug|Any CPU.ActiveCfg = Debug|Any CPU
		{CB6DBB40-005C-4BCE-8D2B-E0377CB03D1F}.Debug|Any CPU.Build.0 = Debug|Any CPU
		{CB6DBB40-005C-4BCE-8D2B-E0377CB03D1F}.Release|Any CPU.ActiveCfg = Release|Any CPU
		{CB6DBB40-005C-4BCE-8D2B-E0377CB03D1F}.Release|Any CPU.Build.0 = Release|Any CPU
	EndGlobalSection
	GlobalSection(SolutionProperties) = preSolution
		HideSolutionNode = FALSE
	EndGlobalSection
	GlobalSection(ExtensibilityGlobals) = postSolution
		SolutionGuid = {2F736D76-875A-46B7-B6FB-63C801390460}
	EndGlobalSection
EndGlobal
